
Microsoft Visual Studio Solution File, Format Version 12.00
# Visual Studio 15
VisualStudioVersion = 15.0.27703.2047
MinimumVisualStudioVersion = 10.0.40219.1
Project("{FAE04EC0-301F-11D3-BF4B-00C04F79EFBC}") = "sobrecarga", "sobrecarga\sobrecarga.csproj", "{2391B380-6A4C-42B5-8273-708A7ABEE110}"
EndProject
Global
	GlobalSection(SolutionConfigurationPlatforms) = preSolution
		Debug|Any CPU = Debug|Any CPU
		Release|Any CPU = Release|Any CPU
	EndGlobalSection
	GlobalSection(ProjectConfigurationPlatforms) = postSolution
		{2391B380-6A4C-42B5-8273-708A7ABEE110}.Debug|Any CPU.ActiveCfg = Debug|Any CPU
		{2391B380-6A4C-42B5-8273-708A7ABEE110}.Debug|Any CPU.Build.0 = Debug|Any CPU
		{2391B380-6A4C-42B5-8273-708A7ABEE110}.Release|Any CPU.ActiveCfg = Release|Any CPU
		{2391B380-6A4C-42B5-8273-708A7ABEE110}.Release|Any CPU.Build.0 = Release|Any CPU
	EndGlobalSection
	GlobalSection(SolutionProperties) = preSolution
		HideSolutionNode = FALSE
	EndGlobalSection
	GlobalSection(ExtensibilityGlobals) = postSolution
		SolutionGuid = {D3B883C6-7A7B-4025-A5F3-A8463DF9C23E}
	EndGlobalSection
EndGlobal
