
Microsoft Visual Studio Solution File, Format Version 12.00
# Visual Studio 15
VisualStudioVersion = 15.0.27703.2047
MinimumVisualStudioVersion = 10.0.40219.1
Project("{FAE04EC0-301F-11D3-BF4B-00C04F79EFBC}") = "Entidades", "ClassLibrary3\Entidades.csproj", "{6A07F8F6-1F74-4163-9352-CD430C325BDB}"
EndProject
Project("{FAE04EC0-301F-11D3-BF4B-00C04F79EFBC}") = "AtencionAlCliente", "AtencionAlCliente\AtencionAlCliente.csproj", "{304EB657-9F1D-455F-B926-6F86A4092713}"
EndProject
Global
	GlobalSection(SolutionConfigurationPlatforms) = preSolution
		Debug|Any CPU = Debug|Any CPU
		Release|Any CPU = Release|Any CPU
	EndGlobalSection
	GlobalSection(ProjectConfigurationPlatforms) = postSolution
		{6A07F8F6-1F74-4163-9352-CD430C325BDB}.Debug|Any CPU.ActiveCfg = Debug|Any CPU
		{6A07F8F6-1F74-4163-9352-CD430C325BDB}.Debug|Any CPU.Build.0 = Debug|Any CPU
		{6A07F8F6-1F74-4163-9352-CD430C325BDB}.Release|Any CPU.ActiveCfg = Release|Any CPU
		{6A07F8F6-1F74-4163-9352-CD430C325BDB}.Release|Any CPU.Build.0 = Release|Any CPU
		{304EB657-9F1D-455F-B926-6F86A4092713}.Debug|Any CPU.ActiveCfg = Debug|Any CPU
		{304EB657-9F1D-455F-B926-6F86A4092713}.Debug|Any CPU.Build.0 = Debug|Any CPU
		{304EB657-9F1D-455F-B926-6F86A4092713}.Release|Any CPU.ActiveCfg = Release|Any CPU
		{304EB657-9F1D-455F-B926-6F86A4092713}.Release|Any CPU.Build.0 = Release|Any CPU
	EndGlobalSection
	GlobalSection(SolutionProperties) = preSolution
		HideSolutionNode = FALSE
	EndGlobalSection
	GlobalSection(ExtensibilityGlobals) = postSolution
		SolutionGuid = {FEA47A1D-1D3C-4527-88AF-F3D3B7DB8FEF}
	EndGlobalSection
EndGlobal
