
Microsoft Visual Studio Solution File, Format Version 12.00
# Visual Studio Express 15 for Windows Desktop
VisualStudioVersion = 15.0.28010.2003
MinimumVisualStudioVersion = 10.0.40219.1
Project("{FAE04EC0-301F-11D3-BF4B-00C04F79EFBC}") = "Login", "Login\Login.csproj", "{ABC8008E-B9AE-4EF5-89AE-CA78BC813F1D}"
EndProject
Global
	GlobalSection(SolutionConfigurationPlatforms) = preSolution
		Debug|Any CPU = Debug|Any CPU
		Release|Any CPU = Release|Any CPU
	EndGlobalSection
	GlobalSection(ProjectConfigurationPlatforms) = postSolution
		{ABC8008E-B9AE-4EF5-89AE-CA78BC813F1D}.Debug|Any CPU.ActiveCfg = Debug|Any CPU
		{ABC8008E-B9AE-4EF5-89AE-CA78BC813F1D}.Debug|Any CPU.Build.0 = Debug|Any CPU
		{ABC8008E-B9AE-4EF5-89AE-CA78BC813F1D}.Release|Any CPU.ActiveCfg = Release|Any CPU
		{ABC8008E-B9AE-4EF5-89AE-CA78BC813F1D}.Release|Any CPU.Build.0 = Release|Any CPU
	EndGlobalSection
	GlobalSection(SolutionProperties) = preSolution
		HideSolutionNode = FALSE
	EndGlobalSection
	GlobalSection(ExtensibilityGlobals) = postSolution
		SolutionGuid = {B0593AB4-ECA1-4EF8-AF8C-FE705AEDAC1C}
	EndGlobalSection
EndGlobal
