
Microsoft Visual Studio Solution File, Format Version 12.00
# Visual Studio 15
VisualStudioVersion = 15.0.27703.2047
MinimumVisualStudioVersion = 10.0.40219.1
Project("{FAE04EC0-301F-11D3-BF4B-00C04F79EFBC}") = "VistaConsola", "VistaConsola\VistaConsola.csproj", "{E6F88C28-4957-402E-9C9B-F5FE9778A96B}"
EndProject
Global
	GlobalSection(SolutionConfigurationPlatforms) = preSolution
		Debug|Any CPU = Debug|Any CPU
		Release|Any CPU = Release|Any CPU
	EndGlobalSection
	GlobalSection(ProjectConfigurationPlatforms) = postSolution
		{E6F88C28-4957-402E-9C9B-F5FE9778A96B}.Debug|Any CPU.ActiveCfg = Debug|Any CPU
		{E6F88C28-4957-402E-9C9B-F5FE9778A96B}.Debug|Any CPU.Build.0 = Debug|Any CPU
		{E6F88C28-4957-402E-9C9B-F5FE9778A96B}.Release|Any CPU.ActiveCfg = Release|Any CPU
		{E6F88C28-4957-402E-9C9B-F5FE9778A96B}.Release|Any CPU.Build.0 = Release|Any CPU
	EndGlobalSection
	GlobalSection(SolutionProperties) = preSolution
		HideSolutionNode = FALSE
	EndGlobalSection
	GlobalSection(ExtensibilityGlobals) = postSolution
		SolutionGuid = {080137A2-FF90-4AA7-8613-01AFE75A79A6}
	EndGlobalSection
EndGlobal
