
Microsoft Visual Studio Solution File, Format Version 12.00
# Visual Studio 15
VisualStudioVersion = 15.0.27703.2047
MinimumVisualStudioVersion = 10.0.40219.1
Project("{FAE04EC0-301F-11D3-BF4B-00C04F79EFBC}") = "ConsoleApp20", "ConsoleApp20\ConsoleApp20.csproj", "{5AD69153-ADE1-496A-AC46-E7E43B273A8C}"
EndProject
Global
	GlobalSection(SolutionConfigurationPlatforms) = preSolution
		Debug|Any CPU = Debug|Any CPU
		Release|Any CPU = Release|Any CPU
	EndGlobalSection
	GlobalSection(ProjectConfigurationPlatforms) = postSolution
		{5AD69153-ADE1-496A-AC46-E7E43B273A8C}.Debug|Any CPU.ActiveCfg = Debug|Any CPU
		{5AD69153-ADE1-496A-AC46-E7E43B273A8C}.Debug|Any CPU.Build.0 = Debug|Any CPU
		{5AD69153-ADE1-496A-AC46-E7E43B273A8C}.Release|Any CPU.ActiveCfg = Release|Any CPU
		{5AD69153-ADE1-496A-AC46-E7E43B273A8C}.Release|Any CPU.Build.0 = Release|Any CPU
	EndGlobalSection
	GlobalSection(SolutionProperties) = preSolution
		HideSolutionNode = FALSE
	EndGlobalSection
	GlobalSection(ExtensibilityGlobals) = postSolution
		SolutionGuid = {DCD896E7-D21E-437B-9689-894E56954E75}
	EndGlobalSection
EndGlobal
