
Microsoft Visual Studio Solution File, Format Version 12.00
# Visual Studio 15
VisualStudioVersion = 15.0.27703.2047
MinimumVisualStudioVersion = 10.0.40219.1
Project("{FAE04EC0-301F-11D3-BF4B-00C04F79EFBC}") = "objetos", "objetos\objetos.csproj", "{4C88523D-F3DD-4EE9-98FF-D89F9552FB23}"
EndProject
Global
	GlobalSection(SolutionConfigurationPlatforms) = preSolution
		Debug|Any CPU = Debug|Any CPU
		Release|Any CPU = Release|Any CPU
	EndGlobalSection
	GlobalSection(ProjectConfigurationPlatforms) = postSolution
		{4C88523D-F3DD-4EE9-98FF-D89F9552FB23}.Debug|Any CPU.ActiveCfg = Debug|Any CPU
		{4C88523D-F3DD-4EE9-98FF-D89F9552FB23}.Debug|Any CPU.Build.0 = Debug|Any CPU
		{4C88523D-F3DD-4EE9-98FF-D89F9552FB23}.Release|Any CPU.ActiveCfg = Release|Any CPU
		{4C88523D-F3DD-4EE9-98FF-D89F9552FB23}.Release|Any CPU.Build.0 = Release|Any CPU
	EndGlobalSection
	GlobalSection(SolutionProperties) = preSolution
		HideSolutionNode = FALSE
	EndGlobalSection
	GlobalSection(ExtensibilityGlobals) = postSolution
		SolutionGuid = {153AC43C-282F-4E02-BCB5-BF5258E1A238}
	EndGlobalSection
EndGlobal
