
Microsoft Visual Studio Solution File, Format Version 12.00
# Visual Studio Express 15 for Windows Desktop
VisualStudioVersion = 15.0.28010.2003
MinimumVisualStudioVersion = 10.0.40219.1
Project("{FAE04EC0-301F-11D3-BF4B-00C04F79EFBC}") = "ConsoleApp38", "ConsoleApp38\ConsoleApp38.csproj", "{EB105A5E-F936-484B-BD3D-C81212924AD8}"
EndProject
Global
	GlobalSection(SolutionConfigurationPlatforms) = preSolution
		Debug|Any CPU = Debug|Any CPU
		Release|Any CPU = Release|Any CPU
	EndGlobalSection
	GlobalSection(ProjectConfigurationPlatforms) = postSolution
		{EB105A5E-F936-484B-BD3D-C81212924AD8}.Debug|Any CPU.ActiveCfg = Debug|Any CPU
		{EB105A5E-F936-484B-BD3D-C81212924AD8}.Debug|Any CPU.Build.0 = Debug|Any CPU
		{EB105A5E-F936-484B-BD3D-C81212924AD8}.Release|Any CPU.ActiveCfg = Release|Any CPU
		{EB105A5E-F936-484B-BD3D-C81212924AD8}.Release|Any CPU.Build.0 = Release|Any CPU
	EndGlobalSection
	GlobalSection(SolutionProperties) = preSolution
		HideSolutionNode = FALSE
	EndGlobalSection
	GlobalSection(ExtensibilityGlobals) = postSolution
		SolutionGuid = {A5824A55-673C-4E3E-9ECE-1295D4B7EB2E}
	EndGlobalSection
EndGlobal
