
Microsoft Visual Studio Solution File, Format Version 12.00
# Visual Studio Express 15 for Windows Desktop
VisualStudioVersion = 15.0.28010.2003
MinimumVisualStudioVersion = 10.0.40219.1
Project("{FAE04EC0-301F-11D3-BF4B-00C04F79EFBC}") = "ConsoleApp32", "ConsoleApp32\ConsoleApp32.csproj", "{951E2CDF-EC8F-4B8A-8343-4633DEBBAD0B}"
EndProject
Global
	GlobalSection(SolutionConfigurationPlatforms) = preSolution
		Debug|Any CPU = Debug|Any CPU
		Release|Any CPU = Release|Any CPU
	EndGlobalSection
	GlobalSection(ProjectConfigurationPlatforms) = postSolution
		{951E2CDF-EC8F-4B8A-8343-4633DEBBAD0B}.Debug|Any CPU.ActiveCfg = Debug|Any CPU
		{951E2CDF-EC8F-4B8A-8343-4633DEBBAD0B}.Debug|Any CPU.Build.0 = Debug|Any CPU
		{951E2CDF-EC8F-4B8A-8343-4633DEBBAD0B}.Release|Any CPU.ActiveCfg = Release|Any CPU
		{951E2CDF-EC8F-4B8A-8343-4633DEBBAD0B}.Release|Any CPU.Build.0 = Release|Any CPU
	EndGlobalSection
	GlobalSection(SolutionProperties) = preSolution
		HideSolutionNode = FALSE
	EndGlobalSection
	GlobalSection(ExtensibilityGlobals) = postSolution
		SolutionGuid = {9FEE5270-B865-475B-9F6A-C56A09EFF8FD}
	EndGlobalSection
EndGlobal
