
Microsoft Visual Studio Solution File, Format Version 12.00
# Visual Studio Express 15 for Windows Desktop
VisualStudioVersion = 15.0.28010.2003
MinimumVisualStudioVersion = 10.0.40219.1
Project("{FAE04EC0-301F-11D3-BF4B-00C04F79EFBC}") = "ConsoleApp4", "ConsoleApp4\ConsoleApp4.csproj", "{E3BDF51A-44B7-4237-A0FF-967E0D2E43AD}"
EndProject
Global
	GlobalSection(SolutionConfigurationPlatforms) = preSolution
		Debug|Any CPU = Debug|Any CPU
		Release|Any CPU = Release|Any CPU
	EndGlobalSection
	GlobalSection(ProjectConfigurationPlatforms) = postSolution
		{E3BDF51A-44B7-4237-A0FF-967E0D2E43AD}.Debug|Any CPU.ActiveCfg = Debug|Any CPU
		{E3BDF51A-44B7-4237-A0FF-967E0D2E43AD}.Debug|Any CPU.Build.0 = Debug|Any CPU
		{E3BDF51A-44B7-4237-A0FF-967E0D2E43AD}.Release|Any CPU.ActiveCfg = Release|Any CPU
		{E3BDF51A-44B7-4237-A0FF-967E0D2E43AD}.Release|Any CPU.Build.0 = Release|Any CPU
	EndGlobalSection
	GlobalSection(SolutionProperties) = preSolution
		HideSolutionNode = FALSE
	EndGlobalSection
	GlobalSection(ExtensibilityGlobals) = postSolution
		SolutionGuid = {193576ED-AF88-4A56-B8CB-51B94D8CEC06}
	EndGlobalSection
EndGlobal
